
Microsoft Visual Studio Solution File, Format Version 12.00
# Visual Studio Version 17
VisualStudioVersion = 17.9.34728.123
MinimumVisualStudioVersion = 10.0.40219.1
Project("{FAE04EC0-301F-11D3-BF4B-00C04F79EFBC}") = "snake1", "snake1\snake1.csproj", "{DB684837-7DE4-4D30-B7FC-B7B8095D4CD9}"
EndProject
Global
	GlobalSection(SolutionConfigurationPlatforms) = preSolution
		Debug|Any CPU = Debug|Any CPU
		Release|Any CPU = Release|Any CPU
	EndGlobalSection
	GlobalSection(ProjectConfigurationPlatforms) = postSolution
		{DB684837-7DE4-4D30-B7FC-B7B8095D4CD9}.Debug|Any CPU.ActiveCfg = Debug|Any CPU
		{DB684837-7DE4-4D30-B7FC-B7B8095D4CD9}.Debug|Any CPU.Build.0 = Debug|Any CPU
		{DB684837-7DE4-4D30-B7FC-B7B8095D4CD9}.Release|Any CPU.ActiveCfg = Release|Any CPU
		{DB684837-7DE4-4D30-B7FC-B7B8095D4CD9}.Release|Any CPU.Build.0 = Release|Any CPU
	EndGlobalSection
	GlobalSection(SolutionProperties) = preSolution
		HideSolutionNode = FALSE
	EndGlobalSection
	GlobalSection(ExtensibilityGlobals) = postSolution
		SolutionGuid = {617C2817-6876-4D2D-9D55-12ADD92EC4D4}
	EndGlobalSection
EndGlobal
